
Microsoft Visual Studio Solution File, Format Version 12.00
# Visual Studio Version 17
VisualStudioVersion = 17.3.32825.248
MinimumVisualStudioVersion = 10.0.40219.1
Project("{FAE04EC0-301F-11D3-BF4B-00C04F79EFBC}") = "ParantChildForms", "ParantChildForms\ParantChildForms.csproj", "{9F064BCD-19DE-45AA-9D48-78FDB579A428}"
EndProject
Global
	GlobalSection(SolutionConfigurationPlatforms) = preSolution
		Debug|Any CPU = Debug|Any CPU
		Release|Any CPU = Release|Any CPU
	EndGlobalSection
	GlobalSection(ProjectConfigurationPlatforms) = postSolution
		{9F064BCD-19DE-45AA-9D48-78FDB579A428}.Debug|Any CPU.ActiveCfg = Debug|Any CPU
		{9F064BCD-19DE-45AA-9D48-78FDB579A428}.Debug|Any CPU.Build.0 = Debug|Any CPU
		{9F064BCD-19DE-45AA-9D48-78FDB579A428}.Release|Any CPU.ActiveCfg = Release|Any CPU
		{9F064BCD-19DE-45AA-9D48-78FDB579A428}.Release|Any CPU.Build.0 = Release|Any CPU
	EndGlobalSection
	GlobalSection(SolutionProperties) = preSolution
		HideSolutionNode = FALSE
	EndGlobalSection
	GlobalSection(ExtensibilityGlobals) = postSolution
		SolutionGuid = {EB254E83-6756-4B40-B15B-D6501C1F885F}
	EndGlobalSection
EndGlobal
